// !$*UTF8*$!
{
	archiveVersion = 1;
	classes = {
	};
	objectVersion = 51;
	objects = {

/* Begin PBXBuildFile section */
		719BD6B46D3E7E2FB78E977E /* Pods_Caption.framework in Frameworks */ = {isa = PBXBuildFile; fileRef = 1BDC63231BADF122FF75D21F /* Pods_Caption.framework */; };
		971212F625B8364400C25E98 /* LineProgressView.swift in Sources */ = {isa = PBXBuildFile; fileRef = 971212F525B8364300C25E98 /* LineProgressView.swift */; };
		9712130A25B9454600C25E98 /* SubtitleService.swift in Sources */ = {isa = PBXBuildFile; fileRef = 9712130925B9454600C25E98 /* SubtitleService.swift */; };
		97251EF225B57BCE005E63B4 /* ArrayExtension.swift in Sources */ = {isa = PBXBuildFile; fileRef = 97251EF125B57BCE005E63B4 /* ArrayExtension.swift */; };
		9771DBA025AC27F200EA7239 /* CaptureViewController.swift in Sources */ = {isa = PBXBuildFile; fileRef = 9771DB9F25AC27F200EA7239 /* CaptureViewController.swift */; };
		9771DBA825AC291600EA7239 /* VideoPlayerViewController.swift in Sources */ = {isa = PBXBuildFile; fileRef = 9771DBA725AC291600EA7239 /* VideoPlayerViewController.swift */; };
		9771DBC925AC38A500EA7239 /* Toast.swift in Sources */ = {isa = PBXBuildFile; fileRef = 9771DBC825AC38A500EA7239 /* Toast.swift */; };
		9771DBCE25AC3A5D00EA7239 /* UIFunc.swift in Sources */ = {isa = PBXBuildFile; fileRef = 9771DBCD25AC3A5D00EA7239 /* UIFunc.swift */; };
		9771DBD325AC3B8200EA7239 /* UIColorExtension.swift in Sources */ = {isa = PBXBuildFile; fileRef = 9771DBD225AC3B8200EA7239 /* UIColorExtension.swift */; };
		9771DBD825AC5ACE00EA7239 /* PlayerView.swift in Sources */ = {isa = PBXBuildFile; fileRef = 9771DBD725AC5ACE00EA7239 /* PlayerView.swift */; };
		9771DBDD25AC74B000EA7239 /* PlayerController.swift in Sources */ = {isa = PBXBuildFile; fileRef = 9771DBDC25AC74B000EA7239 /* PlayerController.swift */; };
		9771DBE225AC934B00EA7239 /* SampleDataProvider.swift in Sources */ = {isa = PBXBuildFile; fileRef = 9771DBE125AC934B00EA7239 /* SampleDataProvider.swift */; };
		9771DBEC25ACAB6600EA7239 /* AudioCaptionGenerator.swift in Sources */ = {isa = PBXBuildFile; fileRef = 9771DBEB25ACAB6600EA7239 /* AudioCaptionGenerator.swift */; };
		9771DBF125AE154C00EA7239 /* CaptureController.swift in Sources */ = {isa = PBXBuildFile; fileRef = 9771DBF025AE154C00EA7239 /* CaptureController.swift */; };
		9771DC2D25AF171300EA7239 /* CircleGradientView.swift in Sources */ = {isa = PBXBuildFile; fileRef = 9771DC2C25AF171300EA7239 /* CircleGradientView.swift */; };
		9771DC3225AF3EA900EA7239 /* SysFunc.swift in Sources */ = {isa = PBXBuildFile; fileRef = 9771DC3125AF3EA900EA7239 /* SysFunc.swift */; };
		9771DC5225B072FC00EA7239 /* SubtitleItem.swift in Sources */ = {isa = PBXBuildFile; fileRef = 9771DC5125B072FC00EA7239 /* SubtitleItem.swift */; };
		9771DC7725B18E6500EA7239 /* PhotosTools.swift in Sources */ = {isa = PBXBuildFile; fileRef = 9771DC7625B18E6500EA7239 /* PhotosTools.swift */; };
		9771DC8D25B28BF200EA7239 /* VideoTools.swift in Sources */ = {isa = PBXBuildFile; fileRef = 9771DC8C25B28BF100EA7239 /* VideoTools.swift */; };
		97766D9325AAEB83003AF31D /* AppDelegate.swift in Sources */ = {isa = PBXBuildFile; fileRef = 97766D9225AAEB83003AF31D /* AppDelegate.swift */; };
		97766D9C25AAEB85003AF31D /* Assets.xcassets in Resources */ = {isa = PBXBuildFile; fileRef = 97766D9B25AAEB85003AF31D /* Assets.xcassets */; };
		97766D9F25AAEB85003AF31D /* LaunchScreen.storyboard in Resources */ = {isa = PBXBuildFile; fileRef = 97766D9D25AAEB85003AF31D /* LaunchScreen.storyboard */; };
		97766DAA25AAEB85003AF31D /* CaptionTests.swift in Sources */ = {isa = PBXBuildFile; fileRef = 97766DA925AAEB85003AF31D /* CaptionTests.swift */; };
		97766DB525AAEB85003AF31D /* CaptionUITests.swift in Sources */ = {isa = PBXBuildFile; fileRef = 97766DB425AAEB85003AF31D /* CaptionUITests.swift */; };
/* End PBXBuildFile section */

/* Begin PBXContainerItemProxy section */
		97766DA625AAEB85003AF31D /* PBXContainerItemProxy */ = {
			isa = PBXContainerItemProxy;
			containerPortal = 97766D8725AAEB83003AF31D /* Project object */;
			proxyType = 1;
			remoteGlobalIDString = 97766D8E25AAEB83003AF31D;
			remoteInfo = Caption;
		};
		97766DB125AAEB85003AF31D /* PBXContainerItemProxy */ = {
			isa = PBXContainerItemProxy;
			containerPortal = 97766D8725AAEB83003AF31D /* Project object */;
			proxyType = 1;
			remoteGlobalIDString = 97766D8E25AAEB83003AF31D;
			remoteInfo = Caption;
		};
/* End PBXContainerItemProxy section */

/* Begin PBXFileReference section */
		1BDC63231BADF122FF75D21F /* Pods_Caption.framework */ = {isa = PBXFileReference; explicitFileType = wrapper.framework; includeInIndex = 0; path = Pods_Caption.framework; sourceTree = BUILT_PRODUCTS_DIR; };
		57C2D5CFF6123D3FDD8986FE /* Pods-Caption.debug.xcconfig */ = {isa = PBXFileReference; includeInIndex = 1; lastKnownFileType = text.xcconfig; name = "Pods-Caption.debug.xcconfig"; path = "Target Support Files/Pods-Caption/Pods-Caption.debug.xcconfig"; sourceTree = "<group>"; };
		716D58AFE78F458173831528 /* Pods-Caption.release.xcconfig */ = {isa = PBXFileReference; includeInIndex = 1; lastKnownFileType = text.xcconfig; name = "Pods-Caption.release.xcconfig"; path = "Target Support Files/Pods-Caption/Pods-Caption.release.xcconfig"; sourceTree = "<group>"; };
		971212F525B8364300C25E98 /* LineProgressView.swift */ = {isa = PBXFileReference; lastKnownFileType = sourcecode.swift; path = LineProgressView.swift; sourceTree = "<group>"; };
		9712130925B9454600C25E98 /* SubtitleService.swift */ = {isa = PBXFileReference; lastKnownFileType = sourcecode.swift; path = SubtitleService.swift; sourceTree = "<group>"; };
		97251EF125B57BCE005E63B4 /* ArrayExtension.swift */ = {isa = PBXFileReference; lastKnownFileType = sourcecode.swift; path = ArrayExtension.swift; sourceTree = "<group>"; };
		9771DB9F25AC27F200EA7239 /* CaptureViewController.swift */ = {isa = PBXFileReference; lastKnownFileType = sourcecode.swift; path = CaptureViewController.swift; sourceTree = "<group>"; };
		9771DBA725AC291600EA7239 /* VideoPlayerViewController.swift */ = {isa = PBXFileReference; lastKnownFileType = sourcecode.swift; path = VideoPlayerViewController.swift; sourceTree = "<group>"; };
		9771DBC825AC38A500EA7239 /* Toast.swift */ = {isa = PBXFileReference; fileEncoding = 4; lastKnownFileType = sourcecode.swift; path = Toast.swift; sourceTree = "<group>"; };
		9771DBCD25AC3A5D00EA7239 /* UIFunc.swift */ = {isa = PBXFileReference; fileEncoding = 4; lastKnownFileType = sourcecode.swift; path = UIFunc.swift; sourceTree = "<group>"; };
		9771DBD225AC3B8200EA7239 /* UIColorExtension.swift */ = {isa = PBXFileReference; fileEncoding = 4; lastKnownFileType = sourcecode.swift; path = UIColorExtension.swift; sourceTree = "<group>"; };
		9771DBD725AC5ACE00EA7239 /* PlayerView.swift */ = {isa = PBXFileReference; lastKnownFileType = sourcecode.swift; path = PlayerView.swift; sourceTree = "<group>"; };
		9771DBDC25AC74B000EA7239 /* PlayerController.swift */ = {isa = PBXFileReference; lastKnownFileType = sourcecode.swift; path = PlayerController.swift; sourceTree = "<group>"; };
		9771DBE125AC934B00EA7239 /* SampleDataProvider.swift */ = {isa = PBXFileReference; lastKnownFileType = sourcecode.swift; path = SampleDataProvider.swift; sourceTree = "<group>"; };
		9771DBEB25ACAB6600EA7239 /* AudioCaptionGenerator.swift */ = {isa = PBXFileReference; lastKnownFileType = sourcecode.swift; path = AudioCaptionGenerator.swift; sourceTree = "<group>"; };
		9771DBF025AE154C00EA7239 /* CaptureController.swift */ = {isa = PBXFileReference; lastKnownFileType = sourcecode.swift; path = CaptureController.swift; sourceTree = "<group>"; };
		9771DC2C25AF171300EA7239 /* CircleGradientView.swift */ = {isa = PBXFileReference; lastKnownFileType = sourcecode.swift; path = CircleGradientView.swift; sourceTree = "<group>"; };
		9771DC3125AF3EA900EA7239 /* SysFunc.swift */ = {isa = PBXFileReference; lastKnownFileType = sourcecode.swift; path = SysFunc.swift; sourceTree = "<group>"; };
		9771DC5125B072FC00EA7239 /* SubtitleItem.swift */ = {isa = PBXFileReference; lastKnownFileType = sourcecode.swift; path = SubtitleItem.swift; sourceTree = "<group>"; };
		9771DC7625B18E6500EA7239 /* PhotosTools.swift */ = {isa = PBXFileReference; lastKnownFileType = sourcecode.swift; path = PhotosTools.swift; sourceTree = "<group>"; };
		9771DC8C25B28BF100EA7239 /* VideoTools.swift */ = {isa = PBXFileReference; lastKnownFileType = sourcecode.swift; path = VideoTools.swift; sourceTree = "<group>"; };
		97766D8F25AAEB83003AF31D /* Caption.app */ = {isa = PBXFileReference; explicitFileType = wrapper.application; includeInIndex = 0; path = Caption.app; sourceTree = BUILT_PRODUCTS_DIR; };
		97766D9225AAEB83003AF31D /* AppDelegate.swift */ = {isa = PBXFileReference; lastKnownFileType = sourcecode.swift; path = AppDelegate.swift; sourceTree = "<group>"; };
		97766D9B25AAEB85003AF31D /* Assets.xcassets */ = {isa = PBXFileReference; lastKnownFileType = folder.assetcatalog; path = Assets.xcassets; sourceTree = "<group>"; };
		97766D9E25AAEB85003AF31D /* Base */ = {isa = PBXFileReference; lastKnownFileType = file.storyboard; name = Base; path = Base.lproj/LaunchScreen.storyboard; sourceTree = "<group>"; };
		97766DA025AAEB85003AF31D /* Info.plist */ = {isa = PBXFileReference; lastKnownFileType = text.plist.xml; path = Info.plist; sourceTree = "<group>"; };
		97766DA525AAEB85003AF31D /* CaptionTests.xctest */ = {isa = PBXFileReference; explicitFileType = wrapper.cfbundle; includeInIndex = 0; path = CaptionTests.xctest; sourceTree = BUILT_PRODUCTS_DIR; };
		97766DA925AAEB85003AF31D /* CaptionTests.swift */ = {isa = PBXFileReference; lastKnownFileType = sourcecode.swift; path = CaptionTests.swift; sourceTree = "<group>"; };
		97766DAB25AAEB85003AF31D /* Info.plist */ = {isa = PBXFileReference; lastKnownFileType = text.plist.xml; path = Info.plist; sourceTree = "<group>"; };
		97766DB025AAEB85003AF31D /* CaptionUITests.xctest */ = {isa = PBXFileReference; explicitFileType = wrapper.cfbundle; includeInIndex = 0; path = CaptionUITests.xctest; sourceTree = BUILT_PRODUCTS_DIR; };
		97766DB425AAEB85003AF31D /* CaptionUITests.swift */ = {isa = PBXFileReference; lastKnownFileType = sourcecode.swift; path = CaptionUITests.swift; sourceTree = "<group>"; };
		97766DB625AAEB85003AF31D /* Info.plist */ = {isa = PBXFileReference; lastKnownFileType = text.plist.xml; path = Info.plist; sourceTree = "<group>"; };
/* End PBXFileReference section */

/* Begin PBXFrameworksBuildPhase section */
		97766D8C25AAEB83003AF31D /* Frameworks */ = {
			isa = PBXFrameworksBuildPhase;
			buildActionMask = 2147483647;
			files = (
				719BD6B46D3E7E2FB78E977E /* Pods_Caption.framework in Frameworks */,
			);
			runOnlyForDeploymentPostprocessing = 0;
		};
		97766DA225AAEB85003AF31D /* Frameworks */ = {
			isa = PBXFrameworksBuildPhase;
			buildActionMask = 2147483647;
			files = (
			);
			runOnlyForDeploymentPostprocessing = 0;
		};
		97766DAD25AAEB85003AF31D /* Frameworks */ = {
			isa = PBXFrameworksBuildPhase;
			buildActionMask = 2147483647;
			files = (
			);
			runOnlyForDeploymentPostprocessing = 0;
		};
/* End PBXFrameworksBuildPhase section */

/* Begin PBXGroup section */
		18600FDE02AF7B3FBBAE31F7 /* Frameworks */ = {
			isa = PBXGroup;
			children = (
				1BDC63231BADF122FF75D21F /* Pods_Caption.framework */,
			);
			name = Frameworks;
			sourceTree = "<group>";
		};
		97766D8625AAEB83003AF31D = {
			isa = PBXGroup;
			children = (
				97766D9125AAEB83003AF31D /* Caption */,
				97766DA825AAEB85003AF31D /* CaptionTests */,
				97766DB325AAEB85003AF31D /* CaptionUITests */,
				97766D9025AAEB83003AF31D /* Products */,
				B56B588104703D46A03B663A /* Pods */,
				18600FDE02AF7B3FBBAE31F7 /* Frameworks */,
			);
			sourceTree = "<group>";
		};
		97766D9025AAEB83003AF31D /* Products */ = {
			isa = PBXGroup;
			children = (
				97766D8F25AAEB83003AF31D /* Caption.app */,
				97766DA525AAEB85003AF31D /* CaptionTests.xctest */,
				97766DB025AAEB85003AF31D /* CaptionUITests.xctest */,
			);
			name = Products;
			sourceTree = "<group>";
		};
		97766D9125AAEB83003AF31D /* Caption */ = {
			isa = PBXGroup;
			children = (
				97766D9225AAEB83003AF31D /* AppDelegate.swift */,
				9771DB9F25AC27F200EA7239 /* CaptureViewController.swift */,
				9771DBF025AE154C00EA7239 /* CaptureController.swift */,
				9771DC2C25AF171300EA7239 /* CircleGradientView.swift */,
				9771DBA725AC291600EA7239 /* VideoPlayerViewController.swift */,
				971212F525B8364300C25E98 /* LineProgressView.swift */,
				9771DBDC25AC74B000EA7239 /* PlayerController.swift */,
				9771DC8C25B28BF100EA7239 /* VideoTools.swift */,
				9771DBD725AC5ACE00EA7239 /* PlayerView.swift */,
				9712130925B9454600C25E98 /* SubtitleService.swift */,
				9771DC5125B072FC00EA7239 /* SubtitleItem.swift */,
				9771DBE125AC934B00EA7239 /* SampleDataProvider.swift */,
				9771DBEB25ACAB6600EA7239 /* AudioCaptionGenerator.swift */,
				9771DC3125AF3EA900EA7239 /* SysFunc.swift */,
				9771DC7625B18E6500EA7239 /* PhotosTools.swift */,
				9771DBC825AC38A500EA7239 /* Toast.swift */,
				9771DBCD25AC3A5D00EA7239 /* UIFunc.swift */,
				9771DBD225AC3B8200EA7239 /* UIColorExtension.swift */,
				97251EF125B57BCE005E63B4 /* ArrayExtension.swift */,
				97766D9B25AAEB85003AF31D /* Assets.xcassets */,
				97766D9D25AAEB85003AF31D /* LaunchScreen.storyboard */,
				97766DA025AAEB85003AF31D /* Info.plist */,
			);
			path = Caption;
			sourceTree = "<group>";
		};
		97766DA825AAEB85003AF31D /* CaptionTests */ = {
			isa = PBXGroup;
			children = (
				97766DA925AAEB85003AF31D /* CaptionTests.swift */,
				97766DAB25AAEB85003AF31D /* Info.plist */,
			);
			path = CaptionTests;
			sourceTree = "<group>";
		};
		97766DB325AAEB85003AF31D /* CaptionUITests */ = {
			isa = PBXGroup;
			children = (
				97766DB425AAEB85003AF31D /* CaptionUITests.swift */,
				97766DB625AAEB85003AF31D /* Info.plist */,
			);
			path = CaptionUITests;
			sourceTree = "<group>";
		};
		B56B588104703D46A03B663A /* Pods */ = {
			isa = PBXGroup;
			children = (
				57C2D5CFF6123D3FDD8986FE /* Pods-Caption.debug.xcconfig */,
				716D58AFE78F458173831528 /* Pods-Caption.release.xcconfig */,
			);
			path = Pods;
			sourceTree = "<group>";
		};
/* End PBXGroup section */

/* Begin PBXNativeTarget section */
		97766D8E25AAEB83003AF31D /* Caption */ = {
			isa = PBXNativeTarget;
			buildConfigurationList = 97766DB925AAEB85003AF31D /* Build configuration list for PBXNativeTarget "Caption" */;
			buildPhases = (
				D0E697C0B4856ED010C5AC1F /* [CP] Check Pods Manifest.lock */,
				97766D8B25AAEB83003AF31D /* Sources */,
				97766D8C25AAEB83003AF31D /* Frameworks */,
				97766D8D25AAEB83003AF31D /* Resources */,
				48DEB81DBAA046A07179844A /* [CP] Embed Pods Frameworks */,
			);
			buildRules = (
			);
			dependencies = (
			);
			name = Caption;
			productName = Caption;
			productReference = 97766D8F25AAEB83003AF31D /* Caption.app */;
			productType = "com.apple.product-type.application";
		};
		97766DA425AAEB85003AF31D /* CaptionTests */ = {
			isa = PBXNativeTarget;
			buildConfigurationList = 97766DBC25AAEB85003AF31D /* Build configuration list for PBXNativeTarget "CaptionTests" */;
			buildPhases = (
				97766DA125AAEB85003AF31D /* Sources */,
				97766DA225AAEB85003AF31D /* Frameworks */,
				97766DA325AAEB85003AF31D /* Resources */,
			);
			buildRules = (
			);
			dependencies = (
				97766DA725AAEB85003AF31D /* PBXTargetDependency */,
			);
			name = CaptionTests;
			productName = CaptionTests;
			productReference = 97766DA525AAEB85003AF31D /* CaptionTests.xctest */;
			productType = "com.apple.product-type.bundle.unit-test";
		};
		97766DAF25AAEB85003AF31D /* CaptionUITests */ = {
			isa = PBXNativeTarget;
			buildConfigurationList = 97766DBF25AAEB85003AF31D /* Build configuration list for PBXNativeTarget "CaptionUITests" */;
			buildPhases = (
				97766DAC25AAEB85003AF31D /* Sources */,
				97766DAD25AAEB85003AF31D /* Frameworks */,
				97766DAE25AAEB85003AF31D /* Resources */,
			);
			buildRules = (
			);
			dependencies = (
				97766DB225AAEB85003AF31D /* PBXTargetDependency */,
			);
			name = CaptionUITests;
			productName = CaptionUITests;
			productReference = 97766DB025AAEB85003AF31D /* CaptionUITests.xctest */;
			productType = "com.apple.product-type.bundle.ui-testing";
		};
/* End PBXNativeTarget section */

/* Begin PBXProject section */
		97766D8725AAEB83003AF31D /* Project object */ = {
			isa = PBXProject;
			attributes = {
				LastSwiftUpdateCheck = 1230;
				LastUpgradeCheck = 1230;
				TargetAttributes = {
					97766D8E25AAEB83003AF31D = {
						CreatedOnToolsVersion = 12.3;
					};
					97766DA425AAEB85003AF31D = {
						CreatedOnToolsVersion = 12.3;
						TestTargetID = 97766D8E25AAEB83003AF31D;
					};
					97766DAF25AAEB85003AF31D = {
						CreatedOnToolsVersion = 12.3;
						TestTargetID = 97766D8E25AAEB83003AF31D;
					};
				};
			};
			buildConfigurationList = 97766D8A25AAEB83003AF31D /* Build configuration list for PBXProject "Caption" */;
			compatibilityVersion = "Xcode 9.3";
			developmentRegion = en;
			hasScannedForEncodings = 0;
			knownRegions = (
				en,
				Base,
			);
			mainGroup = 97766D8625AAEB83003AF31D;
			productRefGroup = 97766D9025AAEB83003AF31D /* Products */;
			projectDirPath = "";
			projectRoot = "";
			targets = (
				97766D8E25AAEB83003AF31D /* Caption */,
				97766DA425AAEB85003AF31D /* CaptionTests */,
				97766DAF25AAEB85003AF31D /* CaptionUITests */,
			);
		};
/* End PBXProject section */

/* Begin PBXResourcesBuildPhase section */
		97766D8D25AAEB83003AF31D /* Resources */ = {
			isa = PBXResourcesBuildPhase;
			buildActionMask = 2147483647;
			files = (
				97766D9F25AAEB85003AF31D /* LaunchScreen.storyboard in Resources */,
				97766D9C25AAEB85003AF31D /* Assets.xcassets in Resources */,
			);
			runOnlyForDeploymentPostprocessing = 0;
		};
		97766DA325AAEB85003AF31D /* Resources */ = {
			isa = PBXResourcesBuildPhase;
			buildActionMask = 2147483647;
			files = (
			);
			runOnlyForDeploymentPostprocessing = 0;
		};
		97766DAE25AAEB85003AF31D /* Resources */ = {
			isa = PBXResourcesBuildPhase;
			buildActionMask = 2147483647;
			files = (
			);
			runOnlyForDeploymentPostprocessing = 0;
		};
/* End PBXResourcesBuildPhase section */

/* Begin PBXShellScriptBuildPhase section */
		48DEB81DBAA046A07179844A /* [CP] Embed Pods Frameworks */ = {
			isa = PBXShellScriptBuildPhase;
			buildActionMask = 2147483647;
			files = (
			);
			inputFileListPaths = (
				"${PODS_ROOT}/Target Support Files/Pods-Caption/Pods-Caption-frameworks-${CONFIGURATION}-input-files.xcfilelist",
			);
			name = "[CP] Embed Pods Frameworks";
			outputFileListPaths = (
				"${PODS_ROOT}/Target Support Files/Pods-Caption/Pods-Caption-frameworks-${CONFIGURATION}-output-files.xcfilelist",
			);
			runOnlyForDeploymentPostprocessing = 0;
			shellPath = /bin/sh;
			shellScript = "\"${PODS_ROOT}/Target Support Files/Pods-Caption/Pods-Caption-frameworks.sh\"\n";
			showEnvVarsInLog = 0;
		};
		D0E697C0B4856ED010C5AC1F /* [CP] Check Pods Manifest.lock */ = {
			isa = PBXShellScriptBuildPhase;
			buildActionMask = 2147483647;
			files = (
			);
			inputFileListPaths = (
			);
			inputPaths = (
				"${PODS_PODFILE_DIR_PATH}/Podfile.lock",
				"${PODS_ROOT}/Manifest.lock",
			);
			name = "[CP] Check Pods Manifest.lock";
			outputFileListPaths = (
			);
			outputPaths = (
				"$(DERIVED_FILE_DIR)/Pods-Caption-checkManifestLockResult.txt",
			);
			runOnlyForDeploymentPostprocessing = 0;
			shellPath = /bin/sh;
			shellScript = "diff \"${PODS_PODFILE_DIR_PATH}/Podfile.lock\" \"${PODS_ROOT}/Manifest.lock\" > /dev/null\nif [ $? != 0 ] ; then\n    # print error to STDERR\n    echo \"error: The sandbox is not in sync with the Podfile.lock. Run 'pod install' or update your CocoaPods installation.\" >&2\n    exit 1\nfi\n# This output is used by Xcode 'outputs' to avoid re-running this script phase.\necho \"SUCCESS\" > \"${SCRIPT_OUTPUT_FILE_0}\"\n";
			showEnvVarsInLog = 0;
		};
/* End PBXShellScriptBuildPhase section */

/* Begin PBXSourcesBuildPhase section */
		97766D8B25AAEB83003AF31D /* Sources */ = {
			isa = PBXSourcesBuildPhase;
			buildActionMask = 2147483647;
			files = (
				9771DC5225B072FC00EA7239 /* SubtitleItem.swift in Sources */,
				97251EF225B57BCE005E63B4 /* ArrayExtension.swift in Sources */,
				9771DBA825AC291600EA7239 /* VideoPlayerViewController.swift in Sources */,
				9771DC8D25B28BF200EA7239 /* VideoTools.swift in Sources */,
				9771DBC925AC38A500EA7239 /* Toast.swift in Sources */,
				9771DBDD25AC74B000EA7239 /* PlayerController.swift in Sources */,
				9771DBD825AC5ACE00EA7239 /* PlayerView.swift in Sources */,
				9771DBCE25AC3A5D00EA7239 /* UIFunc.swift in Sources */,
				9712130A25B9454600C25E98 /* SubtitleService.swift in Sources */,
				9771DBA025AC27F200EA7239 /* CaptureViewController.swift in Sources */,
				9771DBF125AE154C00EA7239 /* CaptureController.swift in Sources */,
				971212F625B8364400C25E98 /* LineProgressView.swift in Sources */,
				97766D9325AAEB83003AF31D /* AppDelegate.swift in Sources */,
				9771DC7725B18E6500EA7239 /* PhotosTools.swift in Sources */,
				9771DBEC25ACAB6600EA7239 /* AudioCaptionGenerator.swift in Sources */,
				9771DBD325AC3B8200EA7239 /* UIColorExtension.swift in Sources */,
				9771DC2D25AF171300EA7239 /* CircleGradientView.swift in Sources */,
				9771DBE225AC934B00EA7239 /* SampleDataProvider.swift in Sources */,
				9771DC3225AF3EA900EA7239 /* SysFunc.swift in Sources */,
			);
			runOnlyForDeploymentPostprocessing = 0;
		};
		97766DA125AAEB85003AF31D /* Sources */ = {
			isa = PBXSourcesBuildPhase;
			buildActionMask = 2147483647;
			files = (
				97766DAA25AAEB85003AF31D /* CaptionTests.swift in Sources */,
			);
			runOnlyForDeploymentPostprocessing = 0;
		};
		97766DAC25AAEB85003AF31D /* Sources */ = {
			isa = PBXSourcesBuildPhase;
			buildActionMask = 2147483647;
			files = (
				97766DB525AAEB85003AF31D /* CaptionUITests.swift in Sources */,
			);
			runOnlyForDeploymentPostprocessing = 0;
		};
/* End PBXSourcesBuildPhase section */

/* Begin PBXTargetDependency section */
		97766DA725AAEB85003AF31D /* PBXTargetDependency */ = {
			isa = PBXTargetDependency;
			target = 97766D8E25AAEB83003AF31D /* Caption */;
			targetProxy = 97766DA625AAEB85003AF31D /* PBXContainerItemProxy */;
		};
		97766DB225AAEB85003AF31D /* PBXTargetDependency */ = {
			isa = PBXTargetDependency;
			target = 97766D8E25AAEB83003AF31D /* Caption */;
			targetProxy = 97766DB125AAEB85003AF31D /* PBXContainerItemProxy */;
		};
/* End PBXTargetDependency section */

/* Begin PBXVariantGroup section */
		97766D9D25AAEB85003AF31D /* LaunchScreen.storyboard */ = {
			isa = PBXVariantGroup;
			children = (
				97766D9E25AAEB85003AF31D /* Base */,
			);
			name = LaunchScreen.storyboard;
			sourceTree = "<group>";
		};
/* End PBXVariantGroup section */

/* Begin XCBuildConfiguration section */
		97766DB725AAEB85003AF31D /* Debug */ = {
			isa = XCBuildConfiguration;
			buildSettings = {
				ALWAYS_SEARCH_USER_PATHS = NO;
				CLANG_ANALYZER_NONNULL = YES;
				CLANG_ANALYZER_NUMBER_OBJECT_CONVERSION = YES_AGGRESSIVE;
				CLANG_CXX_LANGUAGE_STANDARD = "gnu++14";
				CLANG_CXX_LIBRARY = "libc++";
				CLANG_ENABLE_MODULES = YES;
				CLANG_ENABLE_OBJC_ARC = YES;
				CLANG_ENABLE_OBJC_WEAK = YES;
				CLANG_WARN_BLOCK_CAPTURE_AUTORELEASING = YES;
				CLANG_WARN_BOOL_CONVERSION = YES;
				CLANG_WARN_COMMA = YES;
				CLANG_WARN_CONSTANT_CONVERSION = YES;
				CLANG_WARN_DEPRECATED_OBJC_IMPLEMENTATIONS = YES;
				CLANG_WARN_DIRECT_OBJC_ISA_USAGE = YES_ERROR;
				CLANG_WARN_DOCUMENTATION_COMMENTS = YES;
				CLANG_WARN_EMPTY_BODY = YES;
				CLANG_WARN_ENUM_CONVERSION = YES;
				CLANG_WARN_INFINITE_RECURSION = YES;
				CLANG_WARN_INT_CONVERSION = YES;
				CLANG_WARN_NON_LITERAL_NULL_CONVERSION = YES;
				CLANG_WARN_OBJC_IMPLICIT_RETAIN_SELF = YES;
				CLANG_WARN_OBJC_LITERAL_CONVERSION = YES;
				CLANG_WARN_OBJC_ROOT_CLASS = YES_ERROR;
				CLANG_WARN_QUOTED_INCLUDE_IN_FRAMEWORK_HEADER = YES;
				CLANG_WARN_RANGE_LOOP_ANALYSIS = YES;
				CLANG_WARN_STRICT_PROTOTYPES = YES;
				CLANG_WARN_SUSPICIOUS_MOVE = YES;
				CLANG_WARN_UNGUARDED_AVAILABILITY = YES_AGGRESSIVE;
				CLANG_WARN_UNREACHABLE_CODE = YES;
				CLANG_WARN__DUPLICATE_METHOD_MATCH = YES;
				COPY_PHASE_STRIP = NO;
				DEBUG_INFORMATION_FORMAT = dwarf;
				ENABLE_STRICT_OBJC_MSGSEND = YES;
				ENABLE_TESTABILITY = YES;
				GCC_C_LANGUAGE_STANDARD = gnu11;
				GCC_DYNAMIC_NO_PIC = NO;
				GCC_NO_COMMON_BLOCKS = YES;
				GCC_OPTIMIZATION_LEVEL = 0;
				GCC_PREPROCESSOR_DEFINITIONS = (
					"DEBUG=1",
					"$(inherited)",
				);
				GCC_WARN_64_TO_32_BIT_CONVERSION = YES;
				GCC_WARN_ABOUT_RETURN_TYPE = YES_ERROR;
				GCC_WARN_UNDECLARED_SELECTOR = YES;
				GCC_WARN_UNINITIALIZED_AUTOS = YES_AGGRESSIVE;
				GCC_WARN_UNUSED_FUNCTION = YES;
				GCC_WARN_UNUSED_VARIABLE = YES;
				IPHONEOS_DEPLOYMENT_TARGET = 13.0;
				MTL_ENABLE_DEBUG_INFO = INCLUDE_SOURCE;
				MTL_FAST_MATH = YES;
				ONLY_ACTIVE_ARCH = YES;
				SDKROOT = iphoneos;
				SWIFT_ACTIVE_COMPILATION_CONDITIONS = DEBUG;
				SWIFT_OPTIMIZATION_LEVEL = "-Onone";
			};
			name = Debug;
		};
		97766DB825AAEB85003AF31D /* Release */ = {
			isa = XCBuildConfiguration;
			buildSettings = {
				ALWAYS_SEARCH_USER_PATHS = NO;
				CLANG_ANALYZER_NONNULL = YES;
				CLANG_ANALYZER_NUMBER_OBJECT_CONVERSION = YES_AGGRESSIVE;
				CLANG_CXX_LANGUAGE_STANDARD = "gnu++14";
				CLANG_CXX_LIBRARY = "libc++";
				CLANG_ENABLE_MODULES = YES;
				CLANG_ENABLE_OBJC_ARC = YES;
				CLANG_ENABLE_OBJC_WEAK = YES;
				CLANG_WARN_BLOCK_CAPTURE_AUTORELEASING = YES;
				CLANG_WARN_BOOL_CONVERSION = YES;
				CLANG_WARN_COMMA = YES;
				CLANG_WARN_CONSTANT_CONVERSION = YES;
				CLANG_WARN_DEPRECATED_OBJC_IMPLEMENTATIONS = YES;
				CLANG_WARN_DIRECT_OBJC_ISA_USAGE = YES_ERROR;
				CLANG_WARN_DOCUMENTATION_COMMENTS = YES;
				CLANG_WARN_EMPTY_BODY = YES;
				CLANG_WARN_ENUM_CONVERSION = YES;
				CLANG_WARN_INFINITE_RECURSION = YES;
				CLANG_WARN_INT_CONVERSION = YES;
				CLANG_WARN_NON_LITERAL_NULL_CONVERSION = YES;
				CLANG_WARN_OBJC_IMPLICIT_RETAIN_SELF = YES;
				CLANG_WARN_OBJC_LITERAL_CONVERSION = YES;
				CLANG_WARN_OBJC_ROOT_CLASS = YES_ERROR;
				CLANG_WARN_QUOTED_INCLUDE_IN_FRAMEWORK_HEADER = YES;
				CLANG_WARN_RANGE_LOOP_ANALYSIS = YES;
				CLANG_WARN_STRICT_PROTOTYPES = YES;
				CLANG_WARN_SUSPICIOUS_MOVE = YES;
				CLANG_WARN_UNGUARDED_AVAILABILITY = YES_AGGRESSIVE;
				CLANG_WARN_UNREACHABLE_CODE = YES;
				CLANG_WARN__DUPLICATE_METHOD_MATCH = YES;
				COPY_PHASE_STRIP = NO;
				DEBUG_INFORMATION_FORMAT = "dwarf-with-dsym";
				ENABLE_NS_ASSERTIONS = NO;
				ENABLE_STRICT_OBJC_MSGSEND = YES;
				GCC_C_LANGUAGE_STANDARD = gnu11;
				GCC_NO_COMMON_BLOCKS = YES;
				GCC_WARN_64_TO_32_BIT_CONVERSION = YES;
				GCC_WARN_ABOUT_RETURN_TYPE = YES_ERROR;
				GCC_WARN_UNDECLARED_SELECTOR = YES;
				GCC_WARN_UNINITIALIZED_AUTOS = YES_AGGRESSIVE;
				GCC_WARN_UNUSED_FUNCTION = YES;
				GCC_WARN_UNUSED_VARIABLE = YES;
				IPHONEOS_DEPLOYMENT_TARGET = 13.0;
				MTL_ENABLE_DEBUG_INFO = NO;
				MTL_FAST_MATH = YES;
				SDKROOT = iphoneos;
				SWIFT_COMPILATION_MODE = wholemodule;
				SWIFT_OPTIMIZATION_LEVEL = "-O";
				VALIDATE_PRODUCT = YES;
			};
			name = Release;
		};
		97766DBA25AAEB85003AF31D /* Debug */ = {
			isa = XCBuildConfiguration;
			baseConfigurationReference = 57C2D5CFF6123D3FDD8986FE /* Pods-Caption.debug.xcconfig */;
			buildSettings = {
				ASSETCATALOG_COMPILER_APPICON_NAME = AppIcon;
				ASSETCATALOG_COMPILER_GLOBAL_ACCENT_COLOR_NAME = AccentColor;
				CODE_SIGN_STYLE = Automatic;
				DEVELOPMENT_TEAM = 5QGCR7GRLJ;
				INFOPLIST_FILE = Caption/Info.plist;
				LD_RUNPATH_SEARCH_PATHS = (
					"$(inherited)",
					"@executable_path/Frameworks",
				);
				PRODUCT_BUNDLE_IDENTIFIER = com.1000d.Caption;
				PRODUCT_NAME = "$(TARGET_NAME)";
				SWIFT_VERSION = 5.0;
				TARGETED_DEVICE_FAMILY = 1;
			};
			name = Debug;
		};
		97766DBB25AAEB85003AF31D /* Release */ = {
			isa = XCBuildConfiguration;
			baseConfigurationReference = 716D58AFE78F458173831528 /* Pods-Caption.release.xcconfig */;
			buildSettings = {
				ASSETCATALOG_COMPILER_APPICON_NAME = AppIcon;
				ASSETCATALOG_COMPILER_GLOBAL_ACCENT_COLOR_NAME = AccentColor;
				CODE_SIGN_STYLE = Automatic;
				DEVELOPMENT_TEAM = 5QGCR7GRLJ;
				INFOPLIST_FILE = Caption/Info.plist;
				LD_RUNPATH_SEARCH_PATHS = (
					"$(inherited)",
					"@executable_path/Frameworks",
				);
				PRODUCT_BUNDLE_IDENTIFIER = com.1000d.Caption;
				PRODUCT_NAME = "$(TARGET_NAME)";
				SWIFT_VERSION = 5.0;
				TARGETED_DEVICE_FAMILY = 1;
			};
			name = Release;
		};
		97766DBD25AAEB85003AF31D /* Debug */ = {
			isa = XCBuildConfiguration;
			buildSettings = {
				ALWAYS_EMBED_SWIFT_STANDARD_LIBRARIES = YES;
				BUNDLE_LOADER = "$(TEST_HOST)";
				CODE_SIGN_STYLE = Automatic;
				DEVELOPMENT_TEAM = 5QGCR7GRLJ;
				INFOPLIST_FILE = CaptionTests/Info.plist;
				IPHONEOS_DEPLOYMENT_TARGET = 13.0;
				LD_RUNPATH_SEARCH_PATHS = (
					"$(inherited)",
					"@executable_path/Frameworks",
					"@loader_path/Frameworks",
				);
				PRODUCT_BUNDLE_IDENTIFIER = com.1000d.CaptionTests;
				PRODUCT_NAME = "$(TARGET_NAME)";
				SWIFT_VERSION = 5.0;
				TARGETED_DEVICE_FAMILY = "1,2";
				TEST_HOST = "$(BUILT_PRODUCTS_DIR)/Caption.app/Caption";
			};
			name = Debug;
		};
		97766DBE25AAEB85003AF31D /* Release */ = {
			isa = XCBuildConfiguration;
			buildSettings = {
				ALWAYS_EMBED_SWIFT_STANDARD_LIBRARIES = YES;
				BUNDLE_LOADER = "$(TEST_HOST)";
				CODE_SIGN_STYLE = Automatic;
				DEVELOPMENT_TEAM = 5QGCR7GRLJ;
				INFOPLIST_FILE = CaptionTests/Info.plist;
				IPHONEOS_DEPLOYMENT_TARGET = 13.0;
				LD_RUNPATH_SEARCH_PATHS = (
					"$(inherited)",
					"@executable_path/Frameworks",
					"@loader_path/Frameworks",
				);
				PRODUCT_BUNDLE_IDENTIFIER = com.1000d.CaptionTests;
				PRODUCT_NAME = "$(TARGET_NAME)";
				SWIFT_VERSION = 5.0;
				TARGETED_DEVICE_FAMILY = "1,2";
				TEST_HOST = "$(BUILT_PRODUCTS_DIR)/Caption.app/Caption";
			};
			name = Release;
		};
		97766DC025AAEB85003AF31D /* Debug */ = {
			isa = XCBuildConfiguration;
			buildSettings = {
				ALWAYS_EMBED_SWIFT_STANDARD_LIBRARIES = YES;
				CODE_SIGN_STYLE = Automatic;
				DEVELOPMENT_TEAM = 5QGCR7GRLJ;
				INFOPLIST_FILE = CaptionUITests/Info.plist;
				LD_RUNPATH_SEARCH_PATHS = (
					"$(inherited)",
					"@executable_path/Frameworks",
					"@loader_path/Frameworks",
				);
				PRODUCT_BUNDLE_IDENTIFIER = com.1000d.CaptionUITests;
				PRODUCT_NAME = "$(TARGET_NAME)";
				SWIFT_VERSION = 5.0;
				TARGETED_DEVICE_FAMILY = "1,2";
				TEST_TARGET_NAME = Caption;
			};
			name = Debug;
		};
		97766DC125AAEB85003AF31D /* Release */ = {
			isa = XCBuildConfiguration;
			buildSettings = {
				ALWAYS_EMBED_SWIFT_STANDARD_LIBRARIES = YES;
				CODE_SIGN_STYLE = Automatic;
				DEVELOPMENT_TEAM = 5QGCR7GRLJ;
				INFOPLIST_FILE = CaptionUITests/Info.plist;
				LD_RUNPATH_SEARCH_PATHS = (
					"$(inherited)",
					"@executable_path/Frameworks",
					"@loader_path/Frameworks",
				);
				PRODUCT_BUNDLE_IDENTIFIER = com.1000d.CaptionUITests;
				PRODUCT_NAME = "$(TARGET_NAME)";
				SWIFT_VERSION = 5.0;
				TARGETED_DEVICE_FAMILY = "1,2";
				TEST_TARGET_NAME = Caption;
			};
			name = Release;
		};
/* End XCBuildConfiguration section */

/* Begin XCConfigurationList section */
		97766D8A25AAEB83003AF31D /* Build configuration list for PBXProject "Caption" */ = {
			isa = XCConfigurationList;
			buildConfigurations = (
				97766DB725AAEB85003AF31D /* Debug */,
				97766DB825AAEB85003AF31D /* Release */,
			);
			defaultConfigurationIsVisible = 0;
			defaultConfigurationName = Release;
		};
		97766DB925AAEB85003AF31D /* Build configuration list for PBXNativeTarget "Caption" */ = {
			isa = XCConfigurationList;
			buildConfigurations = (
				97766DBA25AAEB85003AF31D /* Debug */,
				97766DBB25AAEB85003AF31D /* Release */,
			);
			defaultConfigurationIsVisible = 0;
			defaultConfigurationName = Release;
		};
		97766DBC25AAEB85003AF31D /* Build configuration list for PBXNativeTarget "CaptionTests" */ = {
			isa = XCConfigurationList;
			buildConfigurations = (
				97766DBD25AAEB85003AF31D /* Debug */,
				97766DBE25AAEB85003AF31D /* Release */,
			);
			defaultConfigurationIsVisible = 0;
			defaultConfigurationName = Release;
		};
		97766DBF25AAEB85003AF31D /* Build configuration list for PBXNativeTarget "CaptionUITests" */ = {
			isa = XCConfigurationList;
			buildConfigurations = (
				97766DC025AAEB85003AF31D /* Debug */,
				97766DC125AAEB85003AF31D /* Release */,
			);
			defaultConfigurationIsVisible = 0;
			defaultConfigurationName = Release;
		};
/* End XCConfigurationList section */
	};
	rootObject = 97766D8725AAEB83003AF31D /* Project object */;
}
